// !$*UTF8*$!
{
	archiveVersion = 1;
	classes = {
	};
	objectVersion = 50;
	objects = {

/* Begin PBXBuildFile section */
		1C29D8A7C6910AE231C1F921 /* Pods_CalculatorAppTests.framework in Frameworks */ = {isa = PBXBuildFile; fileRef = 5E33B3C69308391DC3B6BBB9 /* Pods_CalculatorAppTests.framework */; };
		8E5BBEAC128225E5A821A915 /* Pods_CalculatorApp.framework in Frameworks */ = {isa = PBXBuildFile; fileRef = 5581FCE450C72F2B4ED46AEA /* Pods_CalculatorApp.framework */; };
		927CA34B12F439460918EA26 /* Pods_CalculatorAppUITests.framework in Frameworks */ = {isa = PBXBuildFile; fileRef = F14EEBF891E5783E0F4411CC /* Pods_CalculatorAppUITests.framework */; };
		E70CD0522258A0B800F6772B /* AppDelegate.swift in Sources */ = {isa = PBXBuildFile; fileRef = E70CD0512258A0B800F6772B /* AppDelegate.swift */; };
		E70CD0542258A0B800F6772B /* ViewController.swift in Sources */ = {isa = PBXBuildFile; fileRef = E70CD0532258A0B800F6772B /* ViewController.swift */; };
		E70CD0572258A0B800F6772B /* Main.storyboard in Resources */ = {isa = PBXBuildFile; fileRef = E70CD0552258A0B800F6772B /* Main.storyboard */; };
		E70CD0592258A0BA00F6772B /* Assets.xcassets in Resources */ = {isa = PBXBuildFile; fileRef = E70CD0582258A0BA00F6772B /* Assets.xcassets */; };
		E70CD05C2258A0BA00F6772B /* LaunchScreen.storyboard in Resources */ = {isa = PBXBuildFile; fileRef = E70CD05A2258A0BA00F6772B /* LaunchScreen.storyboard */; };
		E70CD0672258A0BA00F6772B /* CalculatorAppTests.swift in Sources */ = {isa = PBXBuildFile; fileRef = E70CD0662258A0BA00F6772B /* CalculatorAppTests.swift */; };
		E70CD0722258A0BA00F6772B /* CalculatorAppUITests.swift in Sources */ = {isa = PBXBuildFile; fileRef = E70CD0712258A0BA00F6772B /* CalculatorAppUITests.swift */; };
/* End PBXBuildFile section */

/* Begin PBXContainerItemProxy section */
		E70CD0632258A0BA00F6772B /* PBXContainerItemProxy */ = {
			isa = PBXContainerItemProxy;
			containerPortal = E70CD0462258A0B800F6772B /* Project object */;
			proxyType = 1;
			remoteGlobalIDString = E70CD04D2258A0B800F6772B;
			remoteInfo = CalculatorApp;
		};
		E70CD06E2258A0BA00F6772B /* PBXContainerItemProxy */ = {
			isa = PBXContainerItemProxy;
			containerPortal = E70CD0462258A0B800F6772B /* Project object */;
			proxyType = 1;
			remoteGlobalIDString = E70CD04D2258A0B800F6772B;
			remoteInfo = CalculatorApp;
		};
/* End PBXContainerItemProxy section */

/* Begin PBXFileReference section */
		0EA2C8876BAF82286D2D814D /* Pods-CalculatorApp.debug.xcconfig */ = {isa = PBXFileReference; includeInIndex = 1; lastKnownFileType = text.xcconfig; name = "Pods-CalculatorApp.debug.xcconfig"; path = "Target Support Files/Pods-CalculatorApp/Pods-CalculatorApp.debug.xcconfig"; sourceTree = "<group>"; };
		5581FCE450C72F2B4ED46AEA /* Pods_CalculatorApp.framework */ = {isa = PBXFileReference; explicitFileType = wrapper.framework; includeInIndex = 0; path = Pods_CalculatorApp.framework; sourceTree = BUILT_PRODUCTS_DIR; };
		5E33B3C69308391DC3B6BBB9 /* Pods_CalculatorAppTests.framework */ = {isa = PBXFileReference; explicitFileType = wrapper.framework; includeInIndex = 0; path = Pods_CalculatorAppTests.framework; sourceTree = BUILT_PRODUCTS_DIR; };
		74B41E0F8E826ABEA98F06D2 /* Pods-CalculatorAppUITests.release.xcconfig */ = {isa = PBXFileReference; includeInIndex = 1; lastKnownFileType = text.xcconfig; name = "Pods-CalculatorAppUITests.release.xcconfig"; path = "Target Support Files/Pods-CalculatorAppUITests/Pods-CalculatorAppUITests.release.xcconfig"; sourceTree = "<group>"; };
		8981247650A8150CFCCA936E /* Pods-CalculatorAppTests.release.xcconfig */ = {isa = PBXFileReference; includeInIndex = 1; lastKnownFileType = text.xcconfig; name = "Pods-CalculatorAppTests.release.xcconfig"; path = "Target Support Files/Pods-CalculatorAppTests/Pods-CalculatorAppTests.release.xcconfig"; sourceTree = "<group>"; };
		9DB1ADCE3FFE3D112F47E8A2 /* Pods-CalculatorAppUITests.debug.xcconfig */ = {isa = PBXFileReference; includeInIndex = 1; lastKnownFileType = text.xcconfig; name = "Pods-CalculatorAppUITests.debug.xcconfig"; path = "Target Support Files/Pods-CalculatorAppUITests/Pods-CalculatorAppUITests.debug.xcconfig"; sourceTree = "<group>"; };
		D52B018B3A873CB167E125AA /* Pods-CalculatorApp.release.xcconfig */ = {isa = PBXFileReference; includeInIndex = 1; lastKnownFileType = text.xcconfig; name = "Pods-CalculatorApp.release.xcconfig"; path = "Target Support Files/Pods-CalculatorApp/Pods-CalculatorApp.release.xcconfig"; sourceTree = "<group>"; };
		E70CD04E2258A0B800F6772B /* CalculatorApp.app */ = {isa = PBXFileReference; explicitFileType = wrapper.application; includeInIndex = 0; path = CalculatorApp.app; sourceTree = BUILT_PRODUCTS_DIR; };
		E70CD0512258A0B800F6772B /* AppDelegate.swift */ = {isa = PBXFileReference; lastKnownFileType = sourcecode.swift; path = AppDelegate.swift; sourceTree = "<group>"; };
		E70CD0532258A0B800F6772B /* ViewController.swift */ = {isa = PBXFileReference; lastKnownFileType = sourcecode.swift; path = ViewController.swift; sourceTree = "<group>"; };
		E70CD0562258A0B800F6772B /* Base */ = {isa = PBXFileReference; lastKnownFileType = file.storyboard; name = Base; path = Base.lproj/Main.storyboard; sourceTree = "<group>"; };
		E70CD0582258A0BA00F6772B /* Assets.xcassets */ = {isa = PBXFileReference; lastKnownFileType = folder.assetcatalog; path = Assets.xcassets; sourceTree = "<group>"; };
		E70CD05B2258A0BA00F6772B /* Base */ = {isa = PBXFileReference; lastKnownFileType = file.storyboard; name = Base; path = Base.lproj/LaunchScreen.storyboard; sourceTree = "<group>"; };
		E70CD05D2258A0BA00F6772B /* Info.plist */ = {isa = PBXFileReference; lastKnownFileType = text.plist.xml; path = Info.plist; sourceTree = "<group>"; };
		E70CD0622258A0BA00F6772B /* CalculatorAppTests.xctest */ = {isa = PBXFileReference; explicitFileType = wrapper.cfbundle; includeInIndex = 0; path = CalculatorAppTests.xctest; sourceTree = BUILT_PRODUCTS_DIR; };
		E70CD0662258A0BA00F6772B /* CalculatorAppTests.swift */ = {isa = PBXFileReference; lastKnownFileType = sourcecode.swift; path = CalculatorAppTests.swift; sourceTree = "<group>"; };
		E70CD0682258A0BA00F6772B /* Info.plist */ = {isa = PBXFileReference; lastKnownFileType = text.plist.xml; path = Info.plist; sourceTree = "<group>"; };
		E70CD06D2258A0BA00F6772B /* CalculatorAppUITests.xctest */ = {isa = PBXFileReference; explicitFileType = wrapper.cfbundle; includeInIndex = 0; path = CalculatorAppUITests.xctest; sourceTree = BUILT_PRODUCTS_DIR; };
		E70CD0712258A0BA00F6772B /* CalculatorAppUITests.swift */ = {isa = PBXFileReference; lastKnownFileType = sourcecode.swift; path = CalculatorAppUITests.swift; sourceTree = "<group>"; };
		E70CD0732258A0BA00F6772B /* Info.plist */ = {isa = PBXFileReference; lastKnownFileType = text.plist.xml; path = Info.plist; sourceTree = "<group>"; };
		F05DF2DED396D13563970874 /* Pods-CalculatorAppTests.debug.xcconfig */ = {isa = PBXFileReference; includeInIndex = 1; lastKnownFileType = text.xcconfig; name = "Pods-CalculatorAppTests.debug.xcconfig"; path = "Target Support Files/Pods-CalculatorAppTests/Pods-CalculatorAppTests.debug.xcconfig"; sourceTree = "<group>"; };
		F14EEBF891E5783E0F4411CC /* Pods_CalculatorAppUITests.framework */ = {isa = PBXFileReference; explicitFileType = wrapper.framework; includeInIndex = 0; path = Pods_CalculatorAppUITests.framework; sourceTree = BUILT_PRODUCTS_DIR; };
/* End PBXFileReference section */

/* Begin PBXFrameworksBuildPhase section */
		E70CD04B2258A0B800F6772B /* Frameworks */ = {
			isa = PBXFrameworksBuildPhase;
			buildActionMask = 2147483647;
			files = (
				8E5BBEAC128225E5A821A915 /* Pods_CalculatorApp.framework in Frameworks */,
			);
			runOnlyForDeploymentPostprocessing = 0;
		};
		E70CD05F2258A0BA00F6772B /* Frameworks */ = {
			isa = PBXFrameworksBuildPhase;
			buildActionMask = 2147483647;
			files = (
				1C29D8A7C6910AE231C1F921 /* Pods_CalculatorAppTests.framework in Frameworks */,
			);
			runOnlyForDeploymentPostprocessing = 0;
		};
		E70CD06A2258A0BA00F6772B /* Frameworks */ = {
			isa = PBXFrameworksBuildPhase;
			buildActionMask = 2147483647;
			files = (
				927CA34B12F439460918EA26 /* Pods_CalculatorAppUITests.framework in Frameworks */,
			);
			runOnlyForDeploymentPostprocessing = 0;
		};
/* End PBXFrameworksBuildPhase section */

/* Begin PBXGroup section */
		16FF0905097334DAF668BD87 /* Pods */ = {
			isa = PBXGroup;
			children = (
				0EA2C8876BAF82286D2D814D /* Pods-CalculatorApp.debug.xcconfig */,
				D52B018B3A873CB167E125AA /* Pods-CalculatorApp.release.xcconfig */,
				F05DF2DED396D13563970874 /* Pods-CalculatorAppTests.debug.xcconfig */,
				8981247650A8150CFCCA936E /* Pods-CalculatorAppTests.release.xcconfig */,
				9DB1ADCE3FFE3D112F47E8A2 /* Pods-CalculatorAppUITests.debug.xcconfig */,
				74B41E0F8E826ABEA98F06D2 /* Pods-CalculatorAppUITests.release.xcconfig */,
			);
			name = Pods;
			path = Pods;
			sourceTree = "<group>";
		};
		922DD7A90A9323833F9FA01B /* Frameworks */ = {
			isa = PBXGroup;
			children = (
				5581FCE450C72F2B4ED46AEA /* Pods_CalculatorApp.framework */,
				5E33B3C69308391DC3B6BBB9 /* Pods_CalculatorAppTests.framework */,
				F14EEBF891E5783E0F4411CC /* Pods_CalculatorAppUITests.framework */,
			);
			name = Frameworks;
			sourceTree = "<group>";
		};
		E70CD0452258A0B800F6772B = {
			isa = PBXGroup;
			children = (
				E70CD0502258A0B800F6772B /* CalculatorApp */,
				E70CD0652258A0BA00F6772B /* CalculatorAppTests */,
				E70CD0702258A0BA00F6772B /* CalculatorAppUITests */,
				E70CD04F2258A0B800F6772B /* Products */,
				16FF0905097334DAF668BD87 /* Pods */,
				922DD7A90A9323833F9FA01B /* Frameworks */,
			);
			sourceTree = "<group>";
		};
		E70CD04F2258A0B800F6772B /* Products */ = {
			isa = PBXGroup;
			children = (
				E70CD04E2258A0B800F6772B /* CalculatorApp.app */,
				E70CD0622258A0BA00F6772B /* CalculatorAppTests.xctest */,
				E70CD06D2258A0BA00F6772B /* CalculatorAppUITests.xctest */,
			);
			name = Products;
			sourceTree = "<group>";
		};
		E70CD0502258A0B800F6772B /* CalculatorApp */ = {
			isa = PBXGroup;
			children = (
				E70CD0512258A0B800F6772B /* AppDelegate.swift */,
				E70CD0532258A0B800F6772B /* ViewController.swift */,
				E70CD0552258A0B800F6772B /* Main.storyboard */,
				E70CD0582258A0BA00F6772B /* Assets.xcassets */,
				E70CD05A2258A0BA00F6772B /* LaunchScreen.storyboard */,
				E70CD05D2258A0BA00F6772B /* Info.plist */,
			);
			path = CalculatorApp;
			sourceTree = "<group>";
		};
		E70CD0652258A0BA00F6772B /* CalculatorAppTests */ = {
			isa = PBXGroup;
			children = (
				E70CD0662258A0BA00F6772B /* CalculatorAppTests.swift */,
				E70CD0682258A0BA00F6772B /* Info.plist */,
			);
			path = CalculatorAppTests;
			sourceTree = "<group>";
		};
		E70CD0702258A0BA00F6772B /* CalculatorAppUITests */ = {
			isa = PBXGroup;
			children = (
				E70CD0712258A0BA00F6772B /* CalculatorAppUITests.swift */,
				E70CD0732258A0BA00F6772B /* Info.plist */,
			);
			path = CalculatorAppUITests;
			sourceTree = "<group>";
		};
/* End PBXGroup section */

/* Begin PBXNativeTarget section */
		E70CD04D2258A0B800F6772B /* CalculatorApp */ = {
			isa = PBXNativeTarget;
			buildConfigurationList = E70CD0762258A0BA00F6772B /* Build configuration list for PBXNativeTarget "CalculatorApp" */;
			buildPhases = (
				628A05CA58209FF80A877FE9 /* [CP] Check Pods Manifest.lock */,
				E70CD04A2258A0B800F6772B /* Sources */,
				E70CD04B2258A0B800F6772B /* Frameworks */,
				E70CD04C2258A0B800F6772B /* Resources */,
				29018E3ADFE312D995C34646 /* [CP] Embed Pods Frameworks */,
			);
			buildRules = (
			);
			dependencies = (
			);
			name = CalculatorApp;
			productName = CalculatorApp;
			productReference = E70CD04E2258A0B800F6772B /* CalculatorApp.app */;
			productType = "com.apple.product-type.application";
		};
		E70CD0612258A0BA00F6772B /* CalculatorAppTests */ = {
			isa = PBXNativeTarget;
			buildConfigurationList = E70CD0792258A0BA00F6772B /* Build configuration list for PBXNativeTarget "CalculatorAppTests" */;
			buildPhases = (
				E3D562404E31F0A2D5BDD39E /* [CP] Check Pods Manifest.lock */,
				E70CD05E2258A0BA00F6772B /* Sources */,
				E70CD05F2258A0BA00F6772B /* Frameworks */,
				E70CD0602258A0BA00F6772B /* Resources */,
			);
			buildRules = (
			);
			dependencies = (
				E70CD0642258A0BA00F6772B /* PBXTargetDependency */,
			);
			name = CalculatorAppTests;
			productName = CalculatorAppTests;
			productReference = E70CD0622258A0BA00F6772B /* CalculatorAppTests.xctest */;
			productType = "com.apple.product-type.bundle.unit-test";
		};
		E70CD06C2258A0BA00F6772B /* CalculatorAppUITests */ = {
			isa = PBXNativeTarget;
			buildConfigurationList = E70CD07C2258A0BA00F6772B /* Build configuration list for PBXNativeTarget "CalculatorAppUITests" */;
			buildPhases = (
				531606E7006B6B180824E631 /* [CP] Check Pods Manifest.lock */,
				E70CD0692258A0BA00F6772B /* Sources */,
				E70CD06A2258A0BA00F6772B /* Frameworks */,
				E70CD06B2258A0BA00F6772B /* Resources */,
			);
			buildRules = (
			);
			dependencies = (
				E70CD06F2258A0BA00F6772B /* PBXTargetDependency */,
			);
			name = CalculatorAppUITests;
			productName = CalculatorAppUITests;
			productReference = E70CD06D2258A0BA00F6772B /* CalculatorAppUITests.xctest */;
			productType = "com.apple.product-type.bundle.ui-testing";
		};
/* End PBXNativeTarget section */

/* Begin PBXProject section */
		E70CD0462258A0B800F6772B /* Project object */ = {
			isa = PBXProject;
			attributes = {
				LastSwiftUpdateCheck = 1020;
				LastUpgradeCheck = 1020;
				ORGANIZATIONNAME = roy1715;
				TargetAttributes = {
					E70CD04D2258A0B800F6772B = {
						CreatedOnToolsVersion = 10.2;
					};
					E70CD0612258A0BA00F6772B = {
						CreatedOnToolsVersion = 10.2;
						TestTargetID = E70CD04D2258A0B800F6772B;
					};
					E70CD06C2258A0BA00F6772B = {
						CreatedOnToolsVersion = 10.2;
						TestTargetID = E70CD04D2258A0B800F6772B;
					};
				};
			};
			buildConfigurationList = E70CD0492258A0B800F6772B /* Build configuration list for PBXProject "CalculatorApp" */;
			compatibilityVersion = "Xcode 9.3";
			developmentRegion = en;
			hasScannedForEncodings = 0;
			knownRegions = (
				en,
				Base,
			);
			mainGroup = E70CD0452258A0B800F6772B;
			productRefGroup = E70CD04F2258A0B800F6772B /* Products */;
			projectDirPath = "";
			projectRoot = "";
			targets = (
				E70CD04D2258A0B800F6772B /* CalculatorApp */,
				E70CD0612258A0BA00F6772B /* CalculatorAppTests */,
				E70CD06C2258A0BA00F6772B /* CalculatorAppUITests */,
			);
		};
/* End PBXProject section */

/* Begin PBXResourcesBuildPhase section */
		E70CD04C2258A0B800F6772B /* Resources */ = {
			isa = PBXResourcesBuildPhase;
			buildActionMask = 2147483647;
			files = (
				E70CD05C2258A0BA00F6772B /* LaunchScreen.storyboard in Resources */,
				E70CD0592258A0BA00F6772B /* Assets.xcassets in Resources */,
				E70CD0572258A0B800F6772B /* Main.storyboard in Resources */,
			);
			runOnlyForDeploymentPostprocessing = 0;
		};
		E70CD0602258A0BA00F6772B /* Resources */ = {
			isa = PBXResourcesBuildPhase;
			buildActionMask = 2147483647;
			files = (
			);
			runOnlyForDeploymentPostprocessing = 0;
		};
		E70CD06B2258A0BA00F6772B /* Resources */ = {
			isa = PBXResourcesBuildPhase;
			buildActionMask = 2147483647;
			files = (
			);
			runOnlyForDeploymentPostprocessing = 0;
		};
/* End PBXResourcesBuildPhase section */

/* Begin PBXShellScriptBuildPhase section */
		29018E3ADFE312D995C34646 /* [CP] Embed Pods Frameworks */ = {
			isa = PBXShellScriptBuildPhase;
			buildActionMask = 2147483647;
			files = (
			);
			inputFileListPaths = (
			);
			inputPaths = (
				"${PODS_ROOT}/Target Support Files/Pods-CalculatorApp/Pods-CalculatorApp-frameworks.sh",
				"${BUILT_PRODUCTS_DIR}/Expression/Expression.framework",
			);
			name = "[CP] Embed Pods Frameworks";
			outputFileListPaths = (
			);
			outputPaths = (
				"${TARGET_BUILD_DIR}/${FRAMEWORKS_FOLDER_PATH}/Expression.framework",
			);
			runOnlyForDeploymentPostprocessing = 0;
			shellPath = /bin/sh;
			shellScript = "\"${PODS_ROOT}/Target Support Files/Pods-CalculatorApp/Pods-CalculatorApp-frameworks.sh\"\n";
			showEnvVarsInLog = 0;
		};
		531606E7006B6B180824E631 /* [CP] Check Pods Manifest.lock */ = {
			isa = PBXShellScriptBuildPhase;
			buildActionMask = 2147483647;
			files = (
			);
			inputFileListPaths = (
			);
			inputPaths = (
				"${PODS_PODFILE_DIR_PATH}/Podfile.lock",
				"${PODS_ROOT}/Manifest.lock",
			);
			name = "[CP] Check Pods Manifest.lock";
			outputFileListPaths = (
			);
			outputPaths = (
				"$(DERIVED_FILE_DIR)/Pods-CalculatorAppUITests-checkManifestLockResult.txt",
			);
			runOnlyForDeploymentPostprocessing = 0;
			shellPath = /bin/sh;
			shellScript = "diff \"${PODS_PODFILE_DIR_PATH}/Podfile.lock\" \"${PODS_ROOT}/Manifest.lock\" > /dev/null\nif [ $? != 0 ] ; then\n    # print error to STDERR\n    echo \"error: The sandbox is not in sync with the Podfile.lock. Run 'pod install' or update your CocoaPods installation.\" >&2\n    exit 1\nfi\n# This output is used by Xcode 'outputs' to avoid re-running this script phase.\necho \"SUCCESS\" > \"${SCRIPT_OUTPUT_FILE_0}\"\n";
			showEnvVarsInLog = 0;
		};
		628A05CA58209FF80A877FE9 /* [CP] Check Pods Manifest.lock */ = {
			isa = PBXShellScriptBuildPhase;
			buildActionMask = 2147483647;
			files = (
			);
			inputFileListPaths = (
			);
			inputPaths = (
				"${PODS_PODFILE_DIR_PATH}/Podfile.lock",
				"${PODS_ROOT}/Manifest.lock",
			);
			name = "[CP] Check Pods Manifest.lock";
			outputFileListPaths = (
			);
			outputPaths = (
				"$(DERIVED_FILE_DIR)/Pods-CalculatorApp-checkManifestLockResult.txt",
			);
			runOnlyForDeploymentPostprocessing = 0;
			shellPath = /bin/sh;
			shellScript = "diff \"${PODS_PODFILE_DIR_PATH}/Podfile.lock\" \"${PODS_ROOT}/Manifest.lock\" > /dev/null\nif [ $? != 0 ] ; then\n    # print error to STDERR\n    echo \"error: The sandbox is not in sync with the Podfile.lock. Run 'pod install' or update your CocoaPods installation.\" >&2\n    exit 1\nfi\n# This output is used by Xcode 'outputs' to avoid re-running this script phase.\necho \"SUCCESS\" > \"${SCRIPT_OUTPUT_FILE_0}\"\n";
			showEnvVarsInLog = 0;
		};
		E3D562404E31F0A2D5BDD39E /* [CP] Check Pods Manifest.lock */ = {
			isa = PBXShellScriptBuildPhase;
			buildActionMask = 2147483647;
			files = (
			);
			inputFileListPaths = (
			);
			inputPaths = (
				"${PODS_PODFILE_DIR_PATH}/Podfile.lock",
				"${PODS_ROOT}/Manifest.lock",
			);
			name = "[CP] Check Pods Manifest.lock";
			outputFileListPaths = (
			);
			outputPaths = (
				"$(DERIVED_FILE_DIR)/Pods-CalculatorAppTests-checkManifestLockResult.txt",
			);
			runOnlyForDeploymentPostprocessing = 0;
			shellPath = /bin/sh;
			shellScript = "diff \"${PODS_PODFILE_DIR_PATH}/Podfile.lock\" \"${PODS_ROOT}/Manifest.lock\" > /dev/null\nif [ $? != 0 ] ; then\n    # print error to STDERR\n    echo \"error: The sandbox is not in sync with the Podfile.lock. Run 'pod install' or update your CocoaPods installation.\" >&2\n    exit 1\nfi\n# This output is used by Xcode 'outputs' to avoid re-running this script phase.\necho \"SUCCESS\" > \"${SCRIPT_OUTPUT_FILE_0}\"\n";
			showEnvVarsInLog = 0;
		};
/* End PBXShellScriptBuildPhase section */

/* Begin PBXSourcesBuildPhase section */
		E70CD04A2258A0B800F6772B /* Sources */ = {
			isa = PBXSourcesBuildPhase;
			buildActionMask = 2147483647;
			files = (
				E70CD0542258A0B800F6772B /* ViewController.swift in Sources */,
				E70CD0522258A0B800F6772B /* AppDelegate.swift in Sources */,
			);
			runOnlyForDeploymentPostprocessing = 0;
		};
		E70CD05E2258A0BA00F6772B /* Sources */ = {
			isa = PBXSourcesBuildPhase;
			buildActionMask = 2147483647;
			files = (
				E70CD0672258A0BA00F6772B /* CalculatorAppTests.swift in Sources */,
			);
			runOnlyForDeploymentPostprocessing = 0;
		};
		E70CD0692258A0BA00F6772B /* Sources */ = {
			isa = PBXSourcesBuildPhase;
			buildActionMask = 2147483647;
			files = (
				E70CD0722258A0BA00F6772B /* CalculatorAppUITests.swift in Sources */,
			);
			runOnlyForDeploymentPostprocessing = 0;
		};
/* End PBXSourcesBuildPhase section */

/* Begin PBXTargetDependency section */
		E70CD0642258A0BA00F6772B /* PBXTargetDependency */ = {
			isa = PBXTargetDependency;
			target = E70CD04D2258A0B800F6772B /* CalculatorApp */;
			targetProxy = E70CD0632258A0BA00F6772B /* PBXContainerItemProxy */;
		};
		E70CD06F2258A0BA00F6772B /* PBXTargetDependency */ = {
			isa = PBXTargetDependency;
			target = E70CD04D2258A0B800F6772B /* CalculatorApp */;
			targetProxy = E70CD06E2258A0BA00F6772B /* PBXContainerItemProxy */;
		};
/* End PBXTargetDependency section */

/* Begin PBXVariantGroup section */
		E70CD0552258A0B800F6772B /* Main.storyboard */ = {
			isa = PBXVariantGroup;
			children = (
				E70CD0562258A0B800F6772B /* Base */,
			);
			name = Main.storyboard;
			sourceTree = "<group>";
		};
		E70CD05A2258A0BA00F6772B /* LaunchScreen.storyboard */ = {
			isa = PBXVariantGroup;
			children = (
				E70CD05B2258A0BA00F6772B /* Base */,
			);
			name = LaunchScreen.storyboard;
			sourceTree = "<group>";
		};
/* End PBXVariantGroup section */

/* Begin XCBuildConfiguration section */
		E70CD0742258A0BA00F6772B /* Debug */ = {
			isa = XCBuildConfiguration;
			buildSettings = {
				ALWAYS_SEARCH_USER_PATHS = NO;
				CLANG_ANALYZER_NONNULL = YES;
				CLANG_ANALYZER_NUMBER_OBJECT_CONVERSION = YES_AGGRESSIVE;
				CLANG_CXX_LANGUAGE_STANDARD = "gnu++14";
				CLANG_CXX_LIBRARY = "libc++";
				CLANG_ENABLE_MODULES = YES;
				CLANG_ENABLE_OBJC_ARC = YES;
				CLANG_ENABLE_OBJC_WEAK = YES;
				CLANG_WARN_BLOCK_CAPTURE_AUTORELEASING = YES;
				CLANG_WARN_BOOL_CONVERSION = YES;
				CLANG_WARN_COMMA = YES;
				CLANG_WARN_CONSTANT_CONVERSION = YES;
				CLANG_WARN_DEPRECATED_OBJC_IMPLEMENTATIONS = YES;
				CLANG_WARN_DIRECT_OBJC_ISA_USAGE = YES_ERROR;
				CLANG_WARN_DOCUMENTATION_COMMENTS = YES;
				CLANG_WARN_EMPTY_BODY = YES;
				CLANG_WARN_ENUM_CONVERSION = YES;
				CLANG_WARN_INFINITE_RECURSION = YES;
				CLANG_WARN_INT_CONVERSION = YES;
				CLANG_WARN_NON_LITERAL_NULL_CONVERSION = YES;
				CLANG_WARN_OBJC_IMPLICIT_RETAIN_SELF = YES;
				CLANG_WARN_OBJC_LITERAL_CONVERSION = YES;
				CLANG_WARN_OBJC_ROOT_CLASS = YES_ERROR;
				CLANG_WARN_RANGE_LOOP_ANALYSIS = YES;
				CLANG_WARN_STRICT_PROTOTYPES = YES;
				CLANG_WARN_SUSPICIOUS_MOVE = YES;
				CLANG_WARN_UNGUARDED_AVAILABILITY = YES_AGGRESSIVE;
				CLANG_WARN_UNREACHABLE_CODE = YES;
				CLANG_WARN__DUPLICATE_METHOD_MATCH = YES;
				CODE_SIGN_IDENTITY = "iPhone Developer";
				COPY_PHASE_STRIP = NO;
				DEBUG_INFORMATION_FORMAT = dwarf;
				ENABLE_STRICT_OBJC_MSGSEND = YES;
				ENABLE_TESTABILITY = YES;
				GCC_C_LANGUAGE_STANDARD = gnu11;
				GCC_DYNAMIC_NO_PIC = NO;
				GCC_NO_COMMON_BLOCKS = YES;
				GCC_OPTIMIZATION_LEVEL = 0;
				GCC_PREPROCESSOR_DEFINITIONS = (
					"DEBUG=1",
					"$(inherited)",
				);
				GCC_WARN_64_TO_32_BIT_CONVERSION = YES;
				GCC_WARN_ABOUT_RETURN_TYPE = YES_ERROR;
				GCC_WARN_UNDECLARED_SELECTOR = YES;
				GCC_WARN_UNINITIALIZED_AUTOS = YES_AGGRESSIVE;
				GCC_WARN_UNUSED_FUNCTION = YES;
				GCC_WARN_UNUSED_VARIABLE = YES;
				IPHONEOS_DEPLOYMENT_TARGET = 12.2;
				MTL_ENABLE_DEBUG_INFO = INCLUDE_SOURCE;
				MTL_FAST_MATH = YES;
				ONLY_ACTIVE_ARCH = YES;
				SDKROOT = iphoneos;
				SWIFT_ACTIVE_COMPILATION_CONDITIONS = DEBUG;
				SWIFT_OPTIMIZATION_LEVEL = "-Onone";
			};
			name = Debug;
		};
		E70CD0752258A0BA00F6772B /* Release */ = {
			isa = XCBuildConfiguration;
			buildSettings = {
				ALWAYS_SEARCH_USER_PATHS = NO;
				CLANG_ANALYZER_NONNULL = YES;
				CLANG_ANALYZER_NUMBER_OBJECT_CONVERSION = YES_AGGRESSIVE;
				CLANG_CXX_LANGUAGE_STANDARD = "gnu++14";
				CLANG_CXX_LIBRARY = "libc++";
				CLANG_ENABLE_MODULES = YES;
				CLANG_ENABLE_OBJC_ARC = YES;
				CLANG_ENABLE_OBJC_WEAK = YES;
				CLANG_WARN_BLOCK_CAPTURE_AUTORELEASING = YES;
				CLANG_WARN_BOOL_CONVERSION = YES;
				CLANG_WARN_COMMA = YES;
				CLANG_WARN_CONSTANT_CONVERSION = YES;
				CLANG_WARN_DEPRECATED_OBJC_IMPLEMENTATIONS = YES;
				CLANG_WARN_DIRECT_OBJC_ISA_USAGE = YES_ERROR;
				CLANG_WARN_DOCUMENTATION_COMMENTS = YES;
				CLANG_WARN_EMPTY_BODY = YES;
				CLANG_WARN_ENUM_CONVERSION = YES;
				CLANG_WARN_INFINITE_RECURSION = YES;
				CLANG_WARN_INT_CONVERSION = YES;
				CLANG_WARN_NON_LITERAL_NULL_CONVERSION = YES;
				CLANG_WARN_OBJC_IMPLICIT_RETAIN_SELF = YES;
				CLANG_WARN_OBJC_LITERAL_CONVERSION = YES;
				CLANG_WARN_OBJC_ROOT_CLASS = YES_ERROR;
				CLANG_WARN_RANGE_LOOP_ANALYSIS = YES;
				CLANG_WARN_STRICT_PROTOTYPES = YES;
				CLANG_WARN_SUSPICIOUS_MOVE = YES;
				CLANG_WARN_UNGUARDED_AVAILABILITY = YES_AGGRESSIVE;
				CLANG_WARN_UNREACHABLE_CODE = YES;
				CLANG_WARN__DUPLICATE_METHOD_MATCH = YES;
				CODE_SIGN_IDENTITY = "iPhone Developer";
				COPY_PHASE_STRIP = NO;
				DEBUG_INFORMATION_FORMAT = "dwarf-with-dsym";
				ENABLE_NS_ASSERTIONS = NO;
				ENABLE_STRICT_OBJC_MSGSEND = YES;
				GCC_C_LANGUAGE_STANDARD = gnu11;
				GCC_NO_COMMON_BLOCKS = YES;
				GCC_WARN_64_TO_32_BIT_CONVERSION = YES;
				GCC_WARN_ABOUT_RETURN_TYPE = YES_ERROR;
				GCC_WARN_UNDECLARED_SELECTOR = YES;
				GCC_WARN_UNINITIALIZED_AUTOS = YES_AGGRESSIVE;
				GCC_WARN_UNUSED_FUNCTION = YES;
				GCC_WARN_UNUSED_VARIABLE = YES;
				IPHONEOS_DEPLOYMENT_TARGET = 12.2;
				MTL_ENABLE_DEBUG_INFO = NO;
				MTL_FAST_MATH = YES;
				SDKROOT = iphoneos;
				SWIFT_COMPILATION_MODE = wholemodule;
				SWIFT_OPTIMIZATION_LEVEL = "-O";
				VALIDATE_PRODUCT = YES;
			};
			name = Release;
		};
		E70CD0772258A0BA00F6772B /* Debug */ = {
			isa = XCBuildConfiguration;
			baseConfigurationReference = 0EA2C8876BAF82286D2D814D /* Pods-CalculatorApp.debug.xcconfig */;
			buildSettings = {
				ASSETCATALOG_COMPILER_APPICON_NAME = AppIcon;
				CODE_SIGN_STYLE = Automatic;
				INFOPLIST_FILE = CalculatorApp/Info.plist;
				LD_RUNPATH_SEARCH_PATHS = (
					"$(inherited)",
					"@executable_path/Frameworks",
				);
				PRODUCT_BUNDLE_IDENTIFIER = com.roy1715.swift.CalculatorApp;
				PRODUCT_NAME = "$(TARGET_NAME)";
				SWIFT_VERSION = 5.0;
				TARGETED_DEVICE_FAMILY = "1,2";
			};
			name = Debug;
		};
		E70CD0782258A0BA00F6772B /* Release */ = {
			isa = XCBuildConfiguration;
			baseConfigurationReference = D52B018B3A873CB167E125AA /* Pods-CalculatorApp.release.xcconfig */;
			buildSettings = {
				ASSETCATALOG_COMPILER_APPICON_NAME = AppIcon;
				CODE_SIGN_STYLE = Automatic;
				INFOPLIST_FILE = CalculatorApp/Info.plist;
				LD_RUNPATH_SEARCH_PATHS = (
					"$(inherited)",
					"@executable_path/Frameworks",
				);
				PRODUCT_BUNDLE_IDENTIFIER = com.roy1715.swift.CalculatorApp;
				PRODUCT_NAME = "$(TARGET_NAME)";
				SWIFT_VERSION = 5.0;
				TARGETED_DEVICE_FAMILY = "1,2";
			};
			name = Release;
		};
		E70CD07A2258A0BA00F6772B /* Debug */ = {
			isa = XCBuildConfiguration;
			baseConfigurationReference = F05DF2DED396D13563970874 /* Pods-CalculatorAppTests.debug.xcconfig */;
			buildSettings = {
				ALWAYS_EMBED_SWIFT_STANDARD_LIBRARIES = YES;
				BUNDLE_LOADER = "$(TEST_HOST)";
				CODE_SIGN_STYLE = Automatic;
				INFOPLIST_FILE = CalculatorAppTests/Info.plist;
				LD_RUNPATH_SEARCH_PATHS = (
					"$(inherited)",
					"@executable_path/Frameworks",
					"@loader_path/Frameworks",
				);
				PRODUCT_BUNDLE_IDENTIFIER = com.roy1715.swift.CalculatorAppTests;
				PRODUCT_NAME = "$(TARGET_NAME)";
				SWIFT_VERSION = 5.0;
				TARGETED_DEVICE_FAMILY = "1,2";
				TEST_HOST = "$(BUILT_PRODUCTS_DIR)/CalculatorApp.app/CalculatorApp";
			};
			name = Debug;
		};
		E70CD07B2258A0BA00F6772B /* Release */ = {
			isa = XCBuildConfiguration;
			baseConfigurationReference = 8981247650A8150CFCCA936E /* Pods-CalculatorAppTests.release.xcconfig */;
			buildSettings = {
				ALWAYS_EMBED_SWIFT_STANDARD_LIBRARIES = YES;
				BUNDLE_LOADER = "$(TEST_HOST)";
				CODE_SIGN_STYLE = Automatic;
				INFOPLIST_FILE = CalculatorAppTests/Info.plist;
				LD_RUNPATH_SEARCH_PATHS = (
					"$(inherited)",
					"@executable_path/Frameworks",
					"@loader_path/Frameworks",
				);
				PRODUCT_BUNDLE_IDENTIFIER = com.roy1715.swift.CalculatorAppTests;
				PRODUCT_NAME = "$(TARGET_NAME)";
				SWIFT_VERSION = 5.0;
				TARGETED_DEVICE_FAMILY = "1,2";
				TEST_HOST = "$(BUILT_PRODUCTS_DIR)/CalculatorApp.app/CalculatorApp";
			};
			name = Release;
		};
		E70CD07D2258A0BA00F6772B /* Debug */ = {
			isa = XCBuildConfiguration;
			baseConfigurationReference = 9DB1ADCE3FFE3D112F47E8A2 /* Pods-CalculatorAppUITests.debug.xcconfig */;
			buildSettings = {
				ALWAYS_EMBED_SWIFT_STANDARD_LIBRARIES = YES;
				CODE_SIGN_STYLE = Automatic;
				INFOPLIST_FILE = CalculatorAppUITests/Info.plist;
				LD_RUNPATH_SEARCH_PATHS = (
					"$(inherited)",
					"@executable_path/Frameworks",
					"@loader_path/Frameworks",
				);
				PRODUCT_BUNDLE_IDENTIFIER = com.roy1715.swift.CalculatorAppUITests;
				PRODUCT_NAME = "$(TARGET_NAME)";
				SWIFT_VERSION = 5.0;
				TARGETED_DEVICE_FAMILY = "1,2";
				TEST_TARGET_NAME = CalculatorApp;
			};
			name = Debug;
		};
		E70CD07E2258A0BA00F6772B /* Release */ = {
			isa = XCBuildConfiguration;
			baseConfigurationReference = 74B41E0F8E826ABEA98F06D2 /* Pods-CalculatorAppUITests.release.xcconfig */;
			buildSettings = {
				ALWAYS_EMBED_SWIFT_STANDARD_LIBRARIES = YES;
				CODE_SIGN_STYLE = Automatic;
				INFOPLIST_FILE = CalculatorAppUITests/Info.plist;
				LD_RUNPATH_SEARCH_PATHS = (
					"$(inherited)",
					"@executable_path/Frameworks",
					"@loader_path/Frameworks",
				);
				PRODUCT_BUNDLE_IDENTIFIER = com.roy1715.swift.CalculatorAppUITests;
				PRODUCT_NAME = "$(TARGET_NAME)";
				SWIFT_VERSION = 5.0;
				TARGETED_DEVICE_FAMILY = "1,2";
				TEST_TARGET_NAME = CalculatorApp;
			};
			name = Release;
		};
/* End XCBuildConfiguration section */

/* Begin XCConfigurationList section */
		E70CD0492258A0B800F6772B /* Build configuration list for PBXProject "CalculatorApp" */ = {
			isa = XCConfigurationList;
			buildConfigurations = (
				E70CD0742258A0BA00F6772B /* Debug */,
				E70CD0752258A0BA00F6772B /* Release */,
			);
			defaultConfigurationIsVisible = 0;
			defaultConfigurationName = Release;
		};
		E70CD0762258A0BA00F6772B /* Build configuration list for PBXNativeTarget "CalculatorApp" */ = {
			isa = XCConfigurationList;
			buildConfigurations = (
				E70CD0772258A0BA00F6772B /* Debug */,
				E70CD0782258A0BA00F6772B /* Release */,
			);
			defaultConfigurationIsVisible = 0;
			defaultConfigurationName = Release;
		};
		E70CD0792258A0BA00F6772B /* Build configuration list for PBXNativeTarget "CalculatorAppTests" */ = {
			isa = XCConfigurationList;
			buildConfigurations = (
				E70CD07A2258A0BA00F6772B /* Debug */,
				E70CD07B2258A0BA00F6772B /* Release */,
			);
			defaultConfigurationIsVisible = 0;
			defaultConfigurationName = Release;
		};
		E70CD07C2258A0BA00F6772B /* Build configuration list for PBXNativeTarget "CalculatorAppUITests" */ = {
			isa = XCConfigurationList;
			buildConfigurations = (
				E70CD07D2258A0BA00F6772B /* Debug */,
				E70CD07E2258A0BA00F6772B /* Release */,
			);
			defaultConfigurationIsVisible = 0;
			defaultConfigurationName = Release;
		};
/* End XCConfigurationList section */
	};
	rootObject = E70CD0462258A0B800F6772B /* Project object */;
}
